
Microsoft Visual Studio Solution File, Format Version 12.00
# Visual Studio Version 17
VisualStudioVersion = 17.10.35027.167
MinimumVisualStudioVersion = 10.0.40219.1
Project("{FAE04EC0-301F-11D3-BF4B-00C04F79EFBC}") = "ShotgunRel.net", "ShotgunRel.net\ShotgunRel.net.csproj", "{1589AEAA-D3C9-4794-93F2-B1DDF6D0563F}"
EndProject
Global
	GlobalSection(SolutionConfigurationPlatforms) = preSolution
		Debug|Any CPU = Debug|Any CPU
		Release|Any CPU = Release|Any CPU
	EndGlobalSection
	GlobalSection(ProjectConfigurationPlatforms) = postSolution
		{1589AEAA-D3C9-4794-93F2-B1DDF6D0563F}.Debug|Any CPU.ActiveCfg = Release|Any CPU
		{1589AEAA-D3C9-4794-93F2-B1DDF6D0563F}.Debug|Any CPU.Build.0 = Release|Any CPU
		{1589AEAA-D3C9-4794-93F2-B1DDF6D0563F}.Release|Any CPU.ActiveCfg = Release|Any CPU
		{1589AEAA-D3C9-4794-93F2-B1DDF6D0563F}.Release|Any CPU.Build.0 = Release|Any CPU
	EndGlobalSection
	GlobalSection(SolutionProperties) = preSolution
		HideSolutionNode = FALSE
	EndGlobalSection
	GlobalSection(ExtensibilityGlobals) = postSolution
		SolutionGuid = {F7856C32-614D-484A-84F0-DB3A05A427EC}
	EndGlobalSection
EndGlobal
